
Microsoft Visual Studio Solution File, Format Version 12.00
# Visual Studio Version 17
VisualStudioVersion = 17.4.33205.214
MinimumVisualStudioVersion = 10.0.40219.1
Project("{FAE04EC0-301F-11D3-BF4B-00C04F79EFBC}") = "Assignment", "src\Assignment\Assignment.csproj", "{1E3EDDBC-8F95-4BF3-85B0-010FB5335C3B}"
EndProject
Global
	GlobalSection(SolutionConfigurationPlatforms) = preSolution
		Debug|Any CPU = Debug|Any CPU
		Release|Any CPU = Release|Any CPU
	EndGlobalSection
	GlobalSection(ProjectConfigurationPlatforms) = postSolution
		{1E3EDDBC-8F95-4BF3-85B0-010FB5335C3B}.Debug|Any CPU.ActiveCfg = Debug|Any CPU
		{1E3EDDBC-8F95-4BF3-85B0-010FB5335C3B}.Debug|Any CPU.Build.0 = Debug|Any CPU
		{1E3EDDBC-8F95-4BF3-85B0-010FB5335C3B}.Release|Any CPU.ActiveCfg = Release|Any CPU
		{1E3EDDBC-8F95-4BF3-85B0-010FB5335C3B}.Release|Any CPU.Build.0 = Release|Any CPU
	EndGlobalSection
	GlobalSection(SolutionProperties) = preSolution
		HideSolutionNode = FALSE
	EndGlobalSection
	GlobalSection(ExtensibilityGlobals) = postSolution
		SolutionGuid = {A42C37FF-2BC8-4254-8140-6F13D6760185}
	EndGlobalSection
EndGlobal
